<Solution>
  <Project Path="LidarLib/LidarLib.csproj" Id="d8460360-b64c-42bb-b52d-6a0121ba194b" />
  <Project Path="LidarSweeper/LidarSweeper.csproj" />
  <Project Path="UI/UI.csproj" Id="2a292c84-1c2a-4369-83f7-ed2a169c1068" />
  <Project Path="Ultraborg Servo Test App/UBServoTest.csproj" Id="297cb735-4683-4a1b-839a-f28ac26a2912" />
  <Project Path="UltraborgLib/UltraborgLib.csproj" />
</Solution>
